lockfileVersion: '9.0'

settings:
  autoInstallPeers: true
  excludeLinksFromLockfile: false

importers:

  .:
    dependencies:
      '@slippi/slippi-js':
        specifier: ^7.1.0
        version: 7.1.0
      chokidar:
        specifier: ^4.0.3
        version: 4.0.3
      lodash:
        specifier: ^4.17.21
        version: 4.17.21

packages:

  '@babel/runtime@7.28.2':
    resolution: {integrity: sha512-KHp2IflsnGywDjBWDkR9iEqiWSpc8GIi0lgTT3mOElT0PP1tG26P4tmFI2YvAdzgq9RGyoHZQEIEdZy6Ec5xCA==}
    engines: {node: '>=6.9.0'}

  '@shelacek/ubjson@1.1.1':
    resolution: {integrity: sha512-2Vi46ct3IWzh8eAz9IZ0NulIRtJbGgJDppatJvufB0fHwasRSfklBoQrVrCutF24fSuRvTvZVebjtcIHOxvzWw==}

  '@slippi/slippi-js@7.1.0':
    resolution: {integrity: sha512-fxxxh9cwb7LUMjDaa78suVQkxdR+vgHbBosczvQoq5VDb1J6Wwc2ZmOT+RupDuKAf4CR8e+p2LyA8GQfqsl+NA==}

  backoff@2.5.0:
    resolution: {integrity: sha512-wC5ihrnUXmR2douXmXLCe5O3zg3GKIyvRi/hi58a/XyRxVI+3/yM0PYueQOZXPXQ9pxBislYkw+sF9b7C/RuMA==}
    engines: {node: '>= 0.6'}

  chokidar@4.0.3:
    resolution: {integrity: sha512-Qgzu8kfBvo+cA4962jnP1KkS6Dop5NS6g7R5LFYJr4b8Ub94PPQXUksCw9PvXoeXPRRddRNC5C1JQUR2SMGtnA==}
    engines: {node: '>= 14.16.0'}

  date-fns@2.30.0:
    resolution: {integrity: sha512-fnULvOpxnC5/Vg3NCiWelDsLiUc9bRwAPs/+LfTLNvetFCtCTN+yQz15C/fs4AwX1R9K5GLtLfn8QW+dWisaAw==}
    engines: {node: '>=0.11'}

  enet@0.2.9:
    resolution: {integrity: sha512-V3qaPJEHY1Bl9F1nEY4thQV2fKkwS+I8Xpss4/91Hyi6JHagB7Ur6bROyVp4wqO74cPbF0ptgyyYh0L0Sky4Lw==}

  iconv-lite@0.6.3:
    resolution: {integrity: sha512-4fCk79wshMdzMp2rH06qWrJE4iolqLhCUH+OiuIgU++RB0+94NlDL81atO7GX55uUKueo0txHNtvEyI6D7WdMw==}
    engines: {node: '>=0.10.0'}

  lodash-es@4.17.21:
    resolution: {integrity: sha512-mKnC+QJ9pWVzv+C4/U3rRsHapFfHvQFoFB92e52xeyGMcX6/OlIl78je1u8vePzYZSkkogMPJ2yjxxsb89cxyw==}

  lodash@4.17.21:
    resolution: {integrity: sha512-v2kDEe57lecTulaDIuNTPy3Ry4gLGJ6Z1O3vE1krgXZNrsQ+LFTGHVxVjcXPs17LhbZVGedAJv8XZ1tvj5FvSg==}

  precond@0.2.3:
    resolution: {integrity: sha512-QCYG84SgGyGzqJ/vlMsxeXd/pgL/I94ixdNFyh1PusWmTCyVfPJjZ1K1jvHtsbfnXQs2TSkEP2fR7QiMZAnKFQ==}
    engines: {node: '>= 0.6'}

  readdirp@4.1.2:
    resolution: {integrity: sha512-GDhwkLfywWL2s6vEjyhri+eXmfH6j1L7JE27WhqLeYzoh/A3DBaYGEj2H/HFZCn/kMfim73FXxEJTw06WtxQwg==}
    engines: {node: '>= 14.18.0'}

  reconnect-core@1.3.0:
    resolution: {integrity: sha512-+gLKwmyRf2tjl6bLR03DoeWELzyN6LW9Xgr3vh7NXHHwPi0JC0N2TwPyf90oUEBkCRcD+bgQ+s3HORoG3nwHDg==}

  safer-buffer@2.1.2:
    resolution: {integrity: sha512-YZo3K82SD7Riyi0E1EQPojLz7kpepnSQI9IyPbHHg1XXXevb5dJI7tpyN2ADxGcQbHG7vcyRHk0cbwqcQriUtg==}

  semver@7.7.2:
    resolution: {integrity: sha512-RF0Fw+rO5AMf9MAyaRXI4AV0Ulj5lMHqVxxdSgiVbixSCXoEmmX/jk0CuJw4+3SqroYO9VoUh+HcuJivvtJemA==}
    engines: {node: '>=10'}
    hasBin: true

snapshots:

  '@babel/runtime@7.28.2': {}

  '@shelacek/ubjson@1.1.1': {}

  '@slippi/slippi-js@7.1.0':
    dependencies:
      '@shelacek/ubjson': 1.1.1
      date-fns: 2.30.0
      enet: 0.2.9
      iconv-lite: 0.6.3
      lodash: 4.17.21
      lodash-es: 4.17.21
      reconnect-core: 1.3.0
      semver: 7.7.2

  backoff@2.5.0:
    dependencies:
      precond: 0.2.3

  chokidar@4.0.3:
    dependencies:
      readdirp: 4.1.2

  date-fns@2.30.0:
    dependencies:
      '@babel/runtime': 7.28.2

  enet@0.2.9: {}

  iconv-lite@0.6.3:
    dependencies:
      safer-buffer: 2.1.2

  lodash-es@4.17.21: {}

  lodash@4.17.21: {}

  precond@0.2.3: {}

  readdirp@4.1.2: {}

  reconnect-core@1.3.0:
    dependencies:
      backoff: 2.5.0

  safer-buffer@2.1.2: {}

  semver@7.7.2: {}
